Microsoft Visual Studio Solution File, Format Version 12.00
# Visual Studio 15
VisualStudioVersion = 15.0.26430.14
MinimumVisualStudioVersion = 10.0.40219.1
Project("{FAE04EC0-301F-11D3-BF4B-00C04F79EFBC}") = "MessageMediaMessages.Standard", "MessageMediaMessages.Standard\MessageMediaMessages.Standard.csproj", "{B2A21F54-C88A-466D-8982-E1ED2DA3D515}"
EndProject
Project("{FAE04EC0-301F-11D3-BF4B-00C04F79EFBC}") = "TestConsoleProject", "TestConsoleProject\TestConsoleProject.csproj", "{4D5D2F38-A224-46CD-9A40-2BCE706F5925}"
EndProject
Global
	GlobalSection(SolutionConfigurationPlatforms) = preSolution
		Debug|Any CPU = Debug|Any CPU
		Release|Any CPU = Release|Any CPU
	EndGlobalSection
	GlobalSection(ProjectConfigurationPlatforms) = postSolution
		{B2A21F54-C88A-466D-8982-E1ED2DA3D515}.Debug|Any CPU.ActiveCfg = Debug|Any CPU
		{B2A21F54-C88A-466D-8982-E1ED2DA3D515}.Debug|Any CPU.Build.0 = Debug|Any CPU
		{B2A21F54-C88A-466D-8982-E1ED2DA3D515}.Release|Any CPU.ActiveCfg = Release|Any CPU
		{B2A21F54-C88A-466D-8982-E1ED2DA3D515}.Release|Any CPU.Build.0 = Release|Any CPU
		{4D5D2F38-A224-46CD-9A40-2BCE706F5925}.Debug|Any CPU.ActiveCfg = Debug|Any CPU
		{4D5D2F38-A224-46CD-9A40-2BCE706F5925}.Debug|Any CPU.Build.0 = Debug|Any CPU
		{4D5D2F38-A224-46CD-9A40-2BCE706F5925}.Release|Any CPU.ActiveCfg = Release|Any CPU
		{4D5D2F38-A224-46CD-9A40-2BCE706F5925}.Release|Any CPU.Build.0 = Release|Any CPU
	EndGlobalSection
	GlobalSection(SolutionProperties) = preSolution
		HideSolutionNode = FALSE
	EndGlobalSection
EndGlobal
